
Microsoft Visual Studio Solution File, Format Version 12.00
# Visual Studio Version 16
VisualStudioVersion = 16.0.29306.81
MinimumVisualStudioVersion = 10.0.40219.1
Project("{FAE04EC0-301F-11D3-BF4B-00C04F79EFBC}") = "Game of Cards", "Game of Cards\Game of Cards.csproj", "{9393D188-E904-4729-8150-2B4186E41BCC}"
EndProject
Global
	GlobalSection(SolutionConfigurationPlatforms) = preSolution
		Debug|Any CPU = Debug|Any CPU
		Release|Any CPU = Release|Any CPU
	EndGlobalSection
	GlobalSection(ProjectConfigurationPlatforms) = postSolution
		{9393D188-E904-4729-8150-2B4186E41BCC}.Debug|Any CPU.ActiveCfg = Debug|Any CPU
		{9393D188-E904-4729-8150-2B4186E41BCC}.Debug|Any CPU.Build.0 = Debug|Any CPU
		{9393D188-E904-4729-8150-2B4186E41BCC}.Release|Any CPU.ActiveCfg = Release|Any CPU
		{9393D188-E904-4729-8150-2B4186E41BCC}.Release|Any CPU.Build.0 = Release|Any CPU
	EndGlobalSection
	GlobalSection(SolutionProperties) = preSolution
		HideSolutionNode = FALSE
	EndGlobalSection
	GlobalSection(ExtensibilityGlobals) = postSolution
		SolutionGuid = {6606B01F-7645-43D8-9D55-BB8F41F8DBC4}
	EndGlobalSection
EndGlobal
