
Microsoft Visual Studio Solution File, Format Version 12.00
# Visual Studio Version 16
VisualStudioVersion = 16.0.29306.81
MinimumVisualStudioVersion = 10.0.40219.1
Project("{9A19103F-16F7-4668-BE54-9A1E7A4F7556}") = "Game of Cards Visual Code", "Game of Cards Visual Code.csproj", "{C81C0944-CE99-4FAA-A6EF-D5CE6FA5CB97}"
EndProject
Global
	GlobalSection(SolutionConfigurationPlatforms) = preSolution
		Debug|Any CPU = Debug|Any CPU
		Release|Any CPU = Release|Any CPU
	EndGlobalSection
	GlobalSection(ProjectConfigurationPlatforms) = postSolution
		{C81C0944-CE99-4FAA-A6EF-D5CE6FA5CB97}.Debug|Any CPU.ActiveCfg = Debug|Any CPU
		{C81C0944-CE99-4FAA-A6EF-D5CE6FA5CB97}.Debug|Any CPU.Build.0 = Debug|Any CPU
		{C81C0944-CE99-4FAA-A6EF-D5CE6FA5CB97}.Release|Any CPU.ActiveCfg = Release|Any CPU
		{C81C0944-CE99-4FAA-A6EF-D5CE6FA5CB97}.Release|Any CPU.Build.0 = Release|Any CPU
	EndGlobalSection
	GlobalSection(SolutionProperties) = preSolution
		HideSolutionNode = FALSE
	EndGlobalSection
	GlobalSection(ExtensibilityGlobals) = postSolution
		SolutionGuid = {87E20DDC-6FBB-45AF-BFE4-F6DCF15B0757}
	EndGlobalSection
EndGlobal
